
Microsoft Visual Studio Solution File, Format Version 12.00
# Visual Studio 15
VisualStudioVersion = 15.0.27703.2026
MinimumVisualStudioVersion = 10.0.40219.1
Project("{FAE04EC0-301F-11D3-BF4B-00C04F79EFBC}") = "BreadthFirstSearch", "BreadthFirstSearch\BreadthFirstSearch.csproj", "{867CB8BD-8591-4CEC-8163-13B9FC16D849}"
EndProject
Global
	GlobalSection(SolutionConfigurationPlatforms) = preSolution
		Debug|Any CPU = Debug|Any CPU
		Release|Any CPU = Release|Any CPU
	EndGlobalSection
	GlobalSection(ProjectConfigurationPlatforms) = postSolution
		{867CB8BD-8591-4CEC-8163-13B9FC16D849}.Debug|Any CPU.ActiveCfg = Debug|Any CPU
		{867CB8BD-8591-4CEC-8163-13B9FC16D849}.Debug|Any CPU.Build.0 = Debug|Any CPU
		{867CB8BD-8591-4CEC-8163-13B9FC16D849}.Release|Any CPU.ActiveCfg = Release|Any CPU
		{867CB8BD-8591-4CEC-8163-13B9FC16D849}.Release|Any CPU.Build.0 = Release|Any CPU
	EndGlobalSection
	GlobalSection(SolutionProperties) = preSolution
		HideSolutionNode = FALSE
	EndGlobalSection
	GlobalSection(ExtensibilityGlobals) = postSolution
		SolutionGuid = {A4DD42B5-258B-41FD-8CDF-49C46CF5C805}
	EndGlobalSection
EndGlobal
